
Microsoft Visual Studio Solution File, Format Version 12.00
# Visual Studio 14
VisualStudioVersion = 14.0.25420.1
MinimumVisualStudioVersion = 10.0.40219.1
Project("{FAE04EC0-301F-11D3-BF4B-00C04F79EFBC}") = "MIC.Wpf", "MIC.Wpf\MIC.Wpf.csproj", "{25664486-0234-4A2A-9EF5-AE2110088C4A}"
EndProject
Project("{FAE04EC0-301F-11D3-BF4B-00C04F79EFBC}") = "ControlLibrary", "ControlLibrary\ControlLibrary.csproj", "{50C23ACA-A8CF-4F7C-9CC5-BDA8331F0109}"
EndProject
Project("{FAE04EC0-301F-11D3-BF4B-00C04F79EFBC}") = "MIC.Try", "MIC.Try\MIC.Try.csproj", "{DC89EF9F-0E17-47D0-884E-BFD0E543935B}"
EndProject
Global
	GlobalSection(SolutionConfigurationPlatforms) = preSolution
		Debug|Any CPU = Debug|Any CPU
		Release|Any CPU = Release|Any CPU
	EndGlobalSection
	GlobalSection(ProjectConfigurationPlatforms) = postSolution
		{25664486-0234-4A2A-9EF5-AE2110088C4A}.Debug|Any CPU.ActiveCfg = Debug|Any CPU
		{25664486-0234-4A2A-9EF5-AE2110088C4A}.Debug|Any CPU.Build.0 = Debug|Any CPU
		{25664486-0234-4A2A-9EF5-AE2110088C4A}.Release|Any CPU.ActiveCfg = Release|Any CPU
		{25664486-0234-4A2A-9EF5-AE2110088C4A}.Release|Any CPU.Build.0 = Release|Any CPU
		{50C23ACA-A8CF-4F7C-9CC5-BDA8331F0109}.Debug|Any CPU.ActiveCfg = Debug|Any CPU
		{50C23ACA-A8CF-4F7C-9CC5-BDA8331F0109}.Debug|Any CPU.Build.0 = Debug|Any CPU
		{50C23ACA-A8CF-4F7C-9CC5-BDA8331F0109}.Release|Any CPU.ActiveCfg = Release|Any CPU
		{50C23ACA-A8CF-4F7C-9CC5-BDA8331F0109}.Release|Any CPU.Build.0 = Release|Any CPU
		{DC89EF9F-0E17-47D0-884E-BFD0E543935B}.Debug|Any CPU.ActiveCfg = Debug|Any CPU
		{DC89EF9F-0E17-47D0-884E-BFD0E543935B}.Debug|Any CPU.Build.0 = Debug|Any CPU
		{DC89EF9F-0E17-47D0-884E-BFD0E543935B}.Release|Any CPU.ActiveCfg = Release|Any CPU
		{DC89EF9F-0E17-47D0-884E-BFD0E543935B}.Release|Any CPU.Build.0 = Release|Any CPU
	EndGlobalSection
	GlobalSection(SolutionProperties) = preSolution
		HideSolutionNode = FALSE
	EndGlobalSection
EndGlobal
